PODS:
  - Alamofire (4.1.0)
  - SwiftyRSA (0.5.0)

DEPENDENCIES:
  - Alamofire (from `https://github.com/Alamofire/Alamofire.git`, branch `master`)
  - SwiftyRSA

EXTERNAL SOURCES:
  Alamofire:
    :branch: master
    :git: https://github.com/Alamofire/Alamofire.git

CHECKOUT OPTIONS:
  Alamofire:
    :commit: c2134d7645ee6869298dc8d3587e580a3ec83f96
    :git: https://github.com/Alamofire/Alamofire.git

SPEC CHECKSUMS:
  Alamofire: e266cf991b933498df791e645e0d8ac294492153
  SwiftyRSA: e73c44402451ad74c603cc87f7cd8a6d6f418138

PODFILE CHECKSUM: 40c633d683b65004aa642e36e88ad901b0f08a34

COCOAPODS: 1.2.0.beta.1
