// !$*UTF8*$!
{
	archiveVersion = 1;
	classes = {
	};
	objectVersion = 46;
	objects = {

/* Begin PBXBuildFile section */
		203917B81DE39115008994AF /* PrintManager.swift in Sources */ = {isa = PBXBuildFile; fileRef = 203917B71DE39115008994AF /* PrintManager.swift */; };
		203917BB1DE3A3B7008994AF /* maze_rsa.privKey in Resources */ = {isa = PBXBuildFile; fileRef = 203917BA1DE3A3B7008994AF /* maze_rsa.privKey */; };
		2054502D1DECF2A8005CD7F8 /* TestSTL.stl in Resources */ = {isa = PBXBuildFile; fileRef = 2054502C1DECF2A8005CD7F8 /* TestSTL.stl */; };
		2054502F1DED4B52005CD7F8 /* iPadMain.storyboard in Resources */ = {isa = PBXBuildFile; fileRef = 2054502E1DED4B52005CD7F8 /* iPadMain.storyboard */; };
		207BD7231DF38B2900673CB8 /* Errors.swift in Sources */ = {isa = PBXBuildFile; fileRef = 207BD7221DF38B2900673CB8 /* Errors.swift */; };
		20B23D051DD664D700ED445A /* AppDelegate.swift in Sources */ = {isa = PBXBuildFile; fileRef = 20B23D041DD664D700ED445A /* AppDelegate.swift */; };
		20B23D0B1DD664D700ED445A /* GameScene.swift in Sources */ = {isa = PBXBuildFile; fileRef = 20B23D0A1DD664D700ED445A /* GameScene.swift */; };
		20B23D0D1DD664D700ED445A /* GameViewController.swift in Sources */ = {isa = PBXBuildFile; fileRef = 20B23D0C1DD664D700ED445A /* GameViewController.swift */; };
		20B23D101DD664D700ED445A /* Main.storyboard in Resources */ = {isa = PBXBuildFile; fileRef = 20B23D0E1DD664D700ED445A /* Main.storyboard */; };
		20B23D121DD664D700ED445A /* Assets.xcassets in Resources */ = {isa = PBXBuildFile; fileRef = 20B23D111DD664D700ED445A /* Assets.xcassets */; };
		20B23D151DD664D700ED445A /* LaunchScreen.storyboard in Resources */ = {isa = PBXBuildFile; fileRef = 20B23D131DD664D700ED445A /* LaunchScreen.storyboard */; };
		20B23D1E1DDBCA6D00ED445A /* Maze.swift in Sources */ = {isa = PBXBuildFile; fileRef = 20B23D1D1DDBCA6D00ED445A /* Maze.swift */; };
		20B23D211DDBD4C800ED445A /* large.maze in Resources */ = {isa = PBXBuildFile; fileRef = 20B23D201DDBD4C800ED445A /* large.maze */; };
		20B23D251DDBD50200ED445A /* MazeFetcher.swift in Sources */ = {isa = PBXBuildFile; fileRef = 20B23D241DDBD50200ED445A /* MazeFetcher.swift */; };
		20B23D271DDBDB1E00ED445A /* medium.maze in Resources */ = {isa = PBXBuildFile; fileRef = 20B23D261DDBDB1E00ED445A /* medium.maze */; };
		20B23D291DDBDB8100ED445A /* small.maze in Resources */ = {isa = PBXBuildFile; fileRef = 20B23D281DDBDB8100ED445A /* small.maze */; };
		20B23D2F1DDC2B7100ED445A /* PauseViewController.swift in Sources */ = {isa = PBXBuildFile; fileRef = 20B23D2E1DDC2B7100ED445A /* PauseViewController.swift */; };
		9D31EFA282D887CAFA97E9E7 /* Pods_Maze.framework in Frameworks */ = {isa = PBXBuildFile; fileRef = F128D3357ED818A163183923 /* Pods_Maze.framework */; };
/* End PBXBuildFile section */

/* Begin PBXFileReference section */
		203917B71DE39115008994AF /* PrintManager.swift */ = {isa = PBXFileReference; fileEncoding = 4; lastKnownFileType = sourcecode.swift; path = PrintManager.swift; sourceTree = "<group>"; };
		203917BA1DE3A3B7008994AF /* maze_rsa.privKey */ = {isa = PBXFileReference; fileEncoding = 4; lastKnownFileType = text; path = maze_rsa.privKey; sourceTree = "<group>"; };
		2054502C1DECF2A8005CD7F8 /* TestSTL.stl */ = {isa = PBXFileReference; fileEncoding = 4; lastKnownFileType = text; path = TestSTL.stl; sourceTree = "<group>"; };
		2054502E1DED4B52005CD7F8 /* iPadMain.storyboard */ = {isa = PBXFileReference; fileEncoding = 4; lastKnownFileType = file.storyboard; path = iPadMain.storyboard; sourceTree = "<group>"; };
		207BD7221DF38B2900673CB8 /* Errors.swift */ = {isa = PBXFileReference; fileEncoding = 4; lastKnownFileType = sourcecode.swift; path = Errors.swift; sourceTree = "<group>"; };
		20B23D011DD664D700ED445A /* Maze.app */ = {isa = PBXFileReference; explicitFileType = wrapper.application; includeInIndex = 0; path = Maze.app; sourceTree = BUILT_PRODUCTS_DIR; };
		20B23D041DD664D700ED445A /* AppDelegate.swift */ = {isa = PBXFileReference; lastKnownFileType = sourcecode.swift; path = AppDelegate.swift; sourceTree = "<group>"; };
		20B23D0A1DD664D700ED445A /* GameScene.swift */ = {isa = PBXFileReference; lastKnownFileType = sourcecode.swift; path = GameScene.swift; sourceTree = "<group>"; };
		20B23D0C1DD664D700ED445A /* GameViewController.swift */ = {isa = PBXFileReference; lastKnownFileType = sourcecode.swift; path = GameViewController.swift; sourceTree = "<group>"; };
		20B23D0F1DD664D700ED445A /* Base */ = {isa = PBXFileReference; lastKnownFileType = file.storyboard; name = Base; path = Base.lproj/Main.storyboard; sourceTree = "<group>"; };
		20B23D111DD664D700ED445A /* Assets.xcassets */ = {isa = PBXFileReference; lastKnownFileType = folder.assetcatalog; path = Assets.xcassets; sourceTree = "<group>"; };
		20B23D141DD664D700ED445A /* Base */ = {isa = PBXFileReference; lastKnownFileType = file.storyboard; name = Base; path = Base.lproj/LaunchScreen.storyboard; sourceTree = "<group>"; };
		20B23D161DD664D700ED445A /* Info.plist */ = {isa = PBXFileReference; lastKnownFileType = text.plist.xml; path = Info.plist; sourceTree = "<group>"; };
		20B23D1D1DDBCA6D00ED445A /* Maze.swift */ = {isa = PBXFileReference; fileEncoding = 4; lastKnownFileType = sourcecode.swift; path = Maze.swift; sourceTree = "<group>"; };
		20B23D201DDBD4C800ED445A /* large.maze */ = {isa = PBXFileReference; fileEncoding = 4; lastKnownFileType = text; path = large.maze; sourceTree = "<group>"; };
		20B23D241DDBD50200ED445A /* MazeFetcher.swift */ = {isa = PBXFileReference; fileEncoding = 4; lastKnownFileType = sourcecode.swift; path = MazeFetcher.swift; sourceTree = "<group>"; };
		20B23D261DDBDB1E00ED445A /* medium.maze */ = {isa = PBXFileReference; fileEncoding = 4; lastKnownFileType = text; path = medium.maze; sourceTree = "<group>"; };
		20B23D281DDBDB8100ED445A /* small.maze */ = {isa = PBXFileReference; fileEncoding = 4; lastKnownFileType = text; path = small.maze; sourceTree = "<group>"; };
		20B23D2E1DDC2B7100ED445A /* PauseViewController.swift */ = {isa = PBXFileReference; fileEncoding = 4; lastKnownFileType = sourcecode.swift; path = PauseViewController.swift; sourceTree = "<group>"; };
		3464C57BC96EAABA25B294BD /* Pods-Maze.debug.xcconfig */ = {isa = PBXFileReference; includeInIndex = 1; lastKnownFileType = text.xcconfig; name = "Pods-Maze.debug.xcconfig"; path = "Pods/Target Support Files/Pods-Maze/Pods-Maze.debug.xcconfig"; sourceTree = "<group>"; };
		E06AA49068676B0D2CFA0A7D /* Pods-Maze.release.xcconfig */ = {isa = PBXFileReference; includeInIndex = 1; lastKnownFileType = text.xcconfig; name = "Pods-Maze.release.xcconfig"; path = "Pods/Target Support Files/Pods-Maze/Pods-Maze.release.xcconfig"; sourceTree = "<group>"; };
		F128D3357ED818A163183923 /* Pods_Maze.framework */ = {isa = PBXFileReference; explicitFileType = wrapper.framework; includeInIndex = 0; path = Pods_Maze.framework; sourceTree = BUILT_PRODUCTS_DIR; };
/* End PBXFileReference section */

/* Begin PBXFrameworksBuildPhase section */
		20B23CFE1DD664D700ED445A /* Frameworks */ = {
			isa = PBXFrameworksBuildPhase;
			buildActionMask = 2147483647;
			files = (
				9D31EFA282D887CAFA97E9E7 /* Pods_Maze.framework in Frameworks */,
			);
			runOnlyForDeploymentPostprocessing = 0;
		};
/* End PBXFrameworksBuildPhase section */

/* Begin PBXGroup section */
		203917B91DE3A3AC008994AF /* Keys */ = {
			isa = PBXGroup;
			children = (
				203917BA1DE3A3B7008994AF /* maze_rsa.privKey */,
			);
			name = Keys;
			sourceTree = "<group>";
		};
		20B23CF81DD664D700ED445A = {
			isa = PBXGroup;
			children = (
				20B23D031DD664D700ED445A /* Maze */,
				20B23D021DD664D700ED445A /* Products */,
				81116EC7A7DBD047F75FDE32 /* Pods */,
				7D0C8BF1FDF9227E471319F7 /* Frameworks */,
			);
			sourceTree = "<group>";
		};
		20B23D021DD664D700ED445A /* Products */ = {
			isa = PBXGroup;
			children = (
				20B23D011DD664D700ED445A /* Maze.app */,
			);
			name = Products;
			sourceTree = "<group>";
		};
		20B23D031DD664D700ED445A /* Maze */ = {
			isa = PBXGroup;
			children = (
				203917B91DE3A3AC008994AF /* Keys */,
				20B6BCC11DE390F600525B87 /* Printing */,
				20B23D1F1DDBD4B000ED445A /* TestFiles */,
				20B23D1C1DDBCA5600ED445A /* Logic */,
				20B23D041DD664D700ED445A /* AppDelegate.swift */,
				20B23D0A1DD664D700ED445A /* GameScene.swift */,
				20B23D0C1DD664D700ED445A /* GameViewController.swift */,
				20B23D2E1DDC2B7100ED445A /* PauseViewController.swift */,
				20B23D0E1DD664D700ED445A /* Main.storyboard */,
				2054502E1DED4B52005CD7F8 /* iPadMain.storyboard */,
				20B23D111DD664D700ED445A /* Assets.xcassets */,
				20B23D131DD664D700ED445A /* LaunchScreen.storyboard */,
				20B23D161DD664D700ED445A /* Info.plist */,
				207BD7221DF38B2900673CB8 /* Errors.swift */,
			);
			path = Maze;
			sourceTree = "<group>";
		};
		20B23D1C1DDBCA5600ED445A /* Logic */ = {
			isa = PBXGroup;
			children = (
				20B23D241DDBD50200ED445A /* MazeFetcher.swift */,
				20B23D1D1DDBCA6D00ED445A /* Maze.swift */,
			);
			name = Logic;
			sourceTree = "<group>";
		};
		20B23D1F1DDBD4B000ED445A /* TestFiles */ = {
			isa = PBXGroup;
			children = (
				20B23D281DDBDB8100ED445A /* small.maze */,
				20B23D201DDBD4C800ED445A /* large.maze */,
				20B23D261DDBDB1E00ED445A /* medium.maze */,
				2054502C1DECF2A8005CD7F8 /* TestSTL.stl */,
			);
			name = TestFiles;
			sourceTree = "<group>";
		};
		20B6BCC11DE390F600525B87 /* Printing */ = {
			isa = PBXGroup;
			children = (
				203917B71DE39115008994AF /* PrintManager.swift */,
			);
			name = Printing;
			sourceTree = "<group>";
		};
		7D0C8BF1FDF9227E471319F7 /* Frameworks */ = {
			isa = PBXGroup;
			children = (
				F128D3357ED818A163183923 /* Pods_Maze.framework */,
			);
			name = Frameworks;
			sourceTree = "<group>";
		};
		81116EC7A7DBD047F75FDE32 /* Pods */ = {
			isa = PBXGroup;
			children = (
				3464C57BC96EAABA25B294BD /* Pods-Maze.debug.xcconfig */,
				E06AA49068676B0D2CFA0A7D /* Pods-Maze.release.xcconfig */,
			);
			name = Pods;
			sourceTree = "<group>";
		};
/* End PBXGroup section */

/* Begin PBXNativeTarget section */
		20B23D001DD664D700ED445A /* Maze */ = {
			isa = PBXNativeTarget;
			buildConfigurationList = 20B23D191DD664D700ED445A /* Build configuration list for PBXNativeTarget "Maze" */;
			buildPhases = (
				9A00F185B35B4EA97184B4FB /* [CP] Check Pods Manifest.lock */,
				20B23CFD1DD664D700ED445A /* Sources */,
				20B23CFE1DD664D700ED445A /* Frameworks */,
				20B23CFF1DD664D700ED445A /* Resources */,
				59FB2ECCFA3E87C12C0CA47A /* [CP] Embed Pods Frameworks */,
				03475313B8E5482C39E73E5B /* [CP] Copy Pods Resources */,
			);
			buildRules = (
			);
			dependencies = (
			);
			name = Maze;
			productName = Maze;
			productReference = 20B23D011DD664D700ED445A /* Maze.app */;
			productType = "com.apple.product-type.application";
		};
/* End PBXNativeTarget section */

/* Begin PBXProject section */
		20B23CF91DD664D700ED445A /* Project object */ = {
			isa = PBXProject;
			attributes = {
				LastSwiftUpdateCheck = 0810;
				LastUpgradeCheck = 0810;
				ORGANIZATIONNAME = "Evan Bernstein";
				TargetAttributes = {
					20B23D001DD664D700ED445A = {
						CreatedOnToolsVersion = 8.1;
						DevelopmentTeam = SSVV96L8NH;
						ProvisioningStyle = Automatic;
					};
				};
			};
			buildConfigurationList = 20B23CFC1DD664D700ED445A /* Build configuration list for PBXProject "Maze" */;
			compatibilityVersion = "Xcode 3.2";
			developmentRegion = English;
			hasScannedForEncodings = 0;
			knownRegions = (
				en,
				Base,
			);
			mainGroup = 20B23CF81DD664D700ED445A;
			productRefGroup = 20B23D021DD664D700ED445A /* Products */;
			projectDirPath = "";
			projectRoot = "";
			targets = (
				20B23D001DD664D700ED445A /* Maze */,
			);
		};
/* End PBXProject section */

/* Begin PBXResourcesBuildPhase section */
		20B23CFF1DD664D700ED445A /* Resources */ = {
			isa = PBXResourcesBuildPhase;
			buildActionMask = 2147483647;
			files = (
				20B23D271DDBDB1E00ED445A /* medium.maze in Resources */,
				20B23D101DD664D700ED445A /* Main.storyboard in Resources */,
				2054502D1DECF2A8005CD7F8 /* TestSTL.stl in Resources */,
				20B23D291DDBDB8100ED445A /* small.maze in Resources */,
				20B23D211DDBD4C800ED445A /* large.maze in Resources */,
				20B23D121DD664D700ED445A /* Assets.xcassets in Resources */,
				20B23D151DD664D700ED445A /* LaunchScreen.storyboard in Resources */,
				2054502F1DED4B52005CD7F8 /* iPadMain.storyboard in Resources */,
				203917BB1DE3A3B7008994AF /* maze_rsa.privKey in Resources */,
			);
			runOnlyForDeploymentPostprocessing = 0;
		};
/* End PBXResourcesBuildPhase section */

/* Begin PBXShellScriptBuildPhase section */
		03475313B8E5482C39E73E5B /* [CP] Copy Pods Resources */ = {
			isa = PBXShellScriptBuildPhase;
			buildActionMask = 2147483647;
			files = (
			);
			inputPaths = (
			);
			name = "[CP] Copy Pods Resources";
			outputPaths = (
			);
			runOnlyForDeploymentPostprocessing = 0;
			shellPath = /bin/sh;
			shellScript = "\"${SRCROOT}/Pods/Target Support Files/Pods-Maze/Pods-Maze-resources.sh\"\n";
			showEnvVarsInLog = 0;
		};
		59FB2ECCFA3E87C12C0CA47A /* [CP] Embed Pods Frameworks */ = {
			isa = PBXShellScriptBuildPhase;
			buildActionMask = 2147483647;
			files = (
			);
			inputPaths = (
			);
			name = "[CP] Embed Pods Frameworks";
			outputPaths = (
			);
			runOnlyForDeploymentPostprocessing = 0;
			shellPath = /bin/sh;
			shellScript = "\"${SRCROOT}/Pods/Target Support Files/Pods-Maze/Pods-Maze-frameworks.sh\"\n";
			showEnvVarsInLog = 0;
		};
		9A00F185B35B4EA97184B4FB /* [CP] Check Pods Manifest.lock */ = {
			isa = PBXShellScriptBuildPhase;
			buildActionMask = 2147483647;
			files = (
			);
			inputPaths = (
			);
			name = "[CP] Check Pods Manifest.lock";
			outputPaths = (
			);
			runOnlyForDeploymentPostprocessing = 0;
			shellPath = /bin/sh;
			shellScript = "diff \"${PODS_ROOT}/../Podfile.lock\" \"${PODS_ROOT}/Manifest.lock\" > /dev/null\nif [ $? != 0 ] ; then\n    # print error to STDERR\n    echo \"error: The sandbox is not in sync with the Podfile.lock. Run 'pod install' or update your CocoaPods installation.\" >&2\n    exit 1\nfi\n";
			showEnvVarsInLog = 0;
		};
/* End PBXShellScriptBuildPhase section */

/* Begin PBXSourcesBuildPhase section */
		20B23CFD1DD664D700ED445A /* Sources */ = {
			isa = PBXSourcesBuildPhase;
			buildActionMask = 2147483647;
			files = (
				20B23D0B1DD664D700ED445A /* GameScene.swift in Sources */,
				20B23D0D1DD664D700ED445A /* GameViewController.swift in Sources */,
				20B23D1E1DDBCA6D00ED445A /* Maze.swift in Sources */,
				20B23D251DDBD50200ED445A /* MazeFetcher.swift in Sources */,
				207BD7231DF38B2900673CB8 /* Errors.swift in Sources */,
				203917B81DE39115008994AF /* PrintManager.swift in Sources */,
				20B23D051DD664D700ED445A /* AppDelegate.swift in Sources */,
				20B23D2F1DDC2B7100ED445A /* PauseViewController.swift in Sources */,
			);
			runOnlyForDeploymentPostprocessing = 0;
		};
/* End PBXSourcesBuildPhase section */

/* Begin PBXVariantGroup section */
		20B23D0E1DD664D700ED445A /* Main.storyboard */ = {
			isa = PBXVariantGroup;
			children = (
				20B23D0F1DD664D700ED445A /* Base */,
			);
			name = Main.storyboard;
			sourceTree = "<group>";
		};
		20B23D131DD664D700ED445A /* LaunchScreen.storyboard */ = {
			isa = PBXVariantGroup;
			children = (
				20B23D141DD664D700ED445A /* Base */,
			);
			name = LaunchScreen.storyboard;
			sourceTree = "<group>";
		};
/* End PBXVariantGroup section */

/* Begin XCBuildConfiguration section */
		20B23D171DD664D700ED445A /* Debug */ = {
			isa = XCBuildConfiguration;
			buildSettings = {
				ALWAYS_SEARCH_USER_PATHS = NO;
				CLANG_ANALYZER_NONNULL = YES;
				CLANG_CXX_LANGUAGE_STANDARD = "gnu++0x";
				CLANG_CXX_LIBRARY = "libc++";
				CLANG_ENABLE_MODULES = YES;
				CLANG_ENABLE_OBJC_ARC = YES;
				CLANG_WARN_BOOL_CONVERSION = YES;
				CLANG_WARN_CONSTANT_CONVERSION = YES;
				CLANG_WARN_DIRECT_OBJC_ISA_USAGE = YES_ERROR;
				CLANG_WARN_DOCUMENTATION_COMMENTS = YES;
				CLANG_WARN_EMPTY_BODY = YES;
				CLANG_WARN_ENUM_CONVERSION = YES;
				CLANG_WARN_INFINITE_RECURSION = YES;
				CLANG_WARN_INT_CONVERSION = YES;
				CLANG_WARN_OBJC_ROOT_CLASS = YES_ERROR;
				CLANG_WARN_SUSPICIOUS_MOVE = YES;
				CLANG_WARN_SUSPICIOUS_MOVES = YES;
				CLANG_WARN_UNREACHABLE_CODE = YES;
				CLANG_WARN__DUPLICATE_METHOD_MATCH = YES;
				"CODE_SIGN_IDENTITY[sdk=iphoneos*]" = "iPhone Developer";
				COPY_PHASE_STRIP = NO;
				DEBUG_INFORMATION_FORMAT = dwarf;
				ENABLE_STRICT_OBJC_MSGSEND = YES;
				ENABLE_TESTABILITY = YES;
				GCC_C_LANGUAGE_STANDARD = gnu99;
				GCC_DYNAMIC_NO_PIC = NO;
				GCC_NO_COMMON_BLOCKS = YES;
				GCC_OPTIMIZATION_LEVEL = 0;
				GCC_PREPROCESSOR_DEFINITIONS = (
					"DEBUG=1",
					"$(inherited)",
				);
				GCC_WARN_64_TO_32_BIT_CONVERSION = YES;
				GCC_WARN_ABOUT_RETURN_TYPE = YES_ERROR;
				GCC_WARN_UNDECLARED_SELECTOR = YES;
				GCC_WARN_UNINITIALIZED_AUTOS = YES_AGGRESSIVE;
				GCC_WARN_UNUSED_FUNCTION = YES;
				GCC_WARN_UNUSED_VARIABLE = YES;
				IPHONEOS_DEPLOYMENT_TARGET = 10.1;
				MTL_ENABLE_DEBUG_INFO = YES;
				ONLY_ACTIVE_ARCH = YES;
				SDKROOT = iphoneos;
				SWIFT_ACTIVE_COMPILATION_CONDITIONS = DEBUG;
				SWIFT_OPTIMIZATION_LEVEL = "-Onone";
				TARGETED_DEVICE_FAMILY = "1,2";
			};
			name = Debug;
		};
		20B23D181DD664D700ED445A /* Release */ = {
			isa = XCBuildConfiguration;
			buildSettings = {
				ALWAYS_SEARCH_USER_PATHS = NO;
				CLANG_ANALYZER_NONNULL = YES;
				CLANG_CXX_LANGUAGE_STANDARD = "gnu++0x";
				CLANG_CXX_LIBRARY = "libc++";
				CLANG_ENABLE_MODULES = YES;
				CLANG_ENABLE_OBJC_ARC = YES;
				CLANG_WARN_BOOL_CONVERSION = YES;
				CLANG_WARN_CONSTANT_CONVERSION = YES;
				CLANG_WARN_DIRECT_OBJC_ISA_USAGE = YES_ERROR;
				CLANG_WARN_DOCUMENTATION_COMMENTS = YES;
				CLANG_WARN_EMPTY_BODY = YES;
				CLANG_WARN_ENUM_CONVERSION = YES;
				CLANG_WARN_INFINITE_RECURSION = YES;
				CLANG_WARN_INT_CONVERSION = YES;
				CLANG_WARN_OBJC_ROOT_CLASS = YES_ERROR;
				CLANG_WARN_SUSPICIOUS_MOVE = YES;
				CLANG_WARN_SUSPICIOUS_MOVES = YES;
				CLANG_WARN_UNREACHABLE_CODE = YES;
				CLANG_WARN__DUPLICATE_METHOD_MATCH = YES;
				"CODE_SIGN_IDENTITY[sdk=iphoneos*]" = "iPhone Developer";
				COPY_PHASE_STRIP = NO;
				DEBUG_INFORMATION_FORMAT = "dwarf-with-dsym";
				ENABLE_NS_ASSERTIONS = NO;
				ENABLE_STRICT_OBJC_MSGSEND = YES;
				GCC_C_LANGUAGE_STANDARD = gnu99;
				GCC_NO_COMMON_BLOCKS = YES;
				GCC_WARN_64_TO_32_BIT_CONVERSION = YES;
				GCC_WARN_ABOUT_RETURN_TYPE = YES_ERROR;
				GCC_WARN_UNDECLARED_SELECTOR = YES;
				GCC_WARN_UNINITIALIZED_AUTOS = YES_AGGRESSIVE;
				GCC_WARN_UNUSED_FUNCTION = YES;
				GCC_WARN_UNUSED_VARIABLE = YES;
				IPHONEOS_DEPLOYMENT_TARGET = 10.1;
				MTL_ENABLE_DEBUG_INFO = NO;
				SDKROOT = iphoneos;
				SWIFT_OPTIMIZATION_LEVEL = "-Owholemodule";
				TARGETED_DEVICE_FAMILY = "1,2";
				VALIDATE_PRODUCT = YES;
			};
			name = Release;
		};
		20B23D1A1DD664D700ED445A /* Debug */ = {
			isa = XCBuildConfiguration;
			baseConfigurationReference = 3464C57BC96EAABA25B294BD /* Pods-Maze.debug.xcconfig */;
			buildSettings = {
				ALWAYS_EMBED_SWIFT_STANDARD_LIBRARIES = YES;
				ASSETCATALOG_COMPILER_APPICON_NAME = AppIcon;
				DEVELOPMENT_TEAM = SSVV96L8NH;
				INFOPLIST_FILE = Maze/Info.plist;
				IPHONEOS_DEPLOYMENT_TARGET = 10.0;
				LD_RUNPATH_SEARCH_PATHS = "$(inherited) @executable_path/Frameworks";
				PRODUCT_BUNDLE_IDENTIFIER = io.evanb.Maze;
				PRODUCT_NAME = "$(TARGET_NAME)";
				SWIFT_VERSION = 3.0;
			};
			name = Debug;
		};
		20B23D1B1DD664D700ED445A /* Release */ = {
			isa = XCBuildConfiguration;
			baseConfigurationReference = E06AA49068676B0D2CFA0A7D /* Pods-Maze.release.xcconfig */;
			buildSettings = {
				ALWAYS_EMBED_SWIFT_STANDARD_LIBRARIES = YES;
				ASSETCATALOG_COMPILER_APPICON_NAME = AppIcon;
				DEVELOPMENT_TEAM = SSVV96L8NH;
				INFOPLIST_FILE = Maze/Info.plist;
				IPHONEOS_DEPLOYMENT_TARGET = 10.0;
				LD_RUNPATH_SEARCH_PATHS = "$(inherited) @executable_path/Frameworks";
				PRODUCT_BUNDLE_IDENTIFIER = io.evanb.Maze;
				PRODUCT_NAME = "$(TARGET_NAME)";
				SWIFT_VERSION = 3.0;
			};
			name = Release;
		};
/* End XCBuildConfiguration section */

/* Begin XCConfigurationList section */
		20B23CFC1DD664D700ED445A /* Build configuration list for PBXProject "Maze" */ = {
			isa = XCConfigurationList;
			buildConfigurations = (
				20B23D171DD664D700ED445A /* Debug */,
				20B23D181DD664D700ED445A /* Release */,
			);
			defaultConfigurationIsVisible = 0;
			defaultConfigurationName = Release;
		};
		20B23D191DD664D700ED445A /* Build configuration list for PBXNativeTarget "Maze" */ = {
			isa = XCConfigurationList;
			buildConfigurations = (
				20B23D1A1DD664D700ED445A /* Debug */,
				20B23D1B1DD664D700ED445A /* Release */,
			);
			defaultConfigurationIsVisible = 0;
			defaultConfigurationName = Release;
		};
/* End XCConfigurationList section */
	};
	rootObject = 20B23CF91DD664D700ED445A /* Project object */;
}
